
Microsoft Visual Studio Solution File, Format Version 12.00
# Visual Studio Version 16
VisualStudioVersion = 16.0.28803.156
MinimumVisualStudioVersion = 10.0.40219.1
Project("{9A19103F-16F7-4668-BE54-9A1E7A4F7556}") = "NopPluginFileCopier", "nop-plugin-file-copier\NopPluginFileCopier.csproj", "{0A12333A-76F0-44CD-B584-BCC79794A71A}"
EndProject
Global
	GlobalSection(SolutionConfigurationPlatforms) = preSolution
		Debug|Any CPU = Debug|Any CPU
		Release|Any CPU = Release|Any CPU
	EndGlobalSection
	GlobalSection(ProjectConfigurationPlatforms) = postSolution
		{0A12333A-76F0-44CD-B584-BCC79794A71A}.Debug|Any CPU.ActiveCfg = Debug|Any CPU
		{0A12333A-76F0-44CD-B584-BCC79794A71A}.Debug|Any CPU.Build.0 = Debug|Any CPU
		{0A12333A-76F0-44CD-B584-BCC79794A71A}.Release|Any CPU.ActiveCfg = Release|Any CPU
		{0A12333A-76F0-44CD-B584-BCC79794A71A}.Release|Any CPU.Build.0 = Release|Any CPU
	EndGlobalSection
	GlobalSection(SolutionProperties) = preSolution
		HideSolutionNode = FALSE
	EndGlobalSection
	GlobalSection(ExtensibilityGlobals) = postSolution
		SolutionGuid = {C11CA591-993A-4734-B041-92D4F6F65176}
	EndGlobalSection
EndGlobal
